// !$*UTF8*$!
{
	archiveVersion = 1;
	classes = {
	};
	objectVersion = 46;
	objects = {

/* Begin PBXBuildFile section */
		63A375871C3D0FBF00D8853C /* AppDelegate.swift in Sources */ = {isa = PBXBuildFile; fileRef = 63A375861C3D0FBF00D8853C /* AppDelegate.swift */; };
		63A375891C3D0FBF00D8853C /* ViewController.swift in Sources */ = {isa = PBXBuildFile; fileRef = 63A375881C3D0FBF00D8853C /* ViewController.swift */; };
		63A3758C1C3D0FBF00D8853C /* Main.storyboard in Resources */ = {isa = PBXBuildFile; fileRef = 63A3758A1C3D0FBF00D8853C /* Main.storyboard */; };
		63A3758E1C3D0FBF00D8853C /* Images.xcassets in Resources */ = {isa = PBXBuildFile; fileRef = 63A3758D1C3D0FBF00D8853C /* Images.xcassets */; };
		63A375911C3D0FBF00D8853C /* LaunchScreen.xib in Resources */ = {isa = PBXBuildFile; fileRef = 63A3758F1C3D0FBF00D8853C /* LaunchScreen.xib */; };
		63A3759D1C3D0FBF00D8853C /* CITestTests.swift in Sources */ = {isa = PBXBuildFile; fileRef = 63A3759C1C3D0FBF00D8853C /* CITestTests.swift */; };
/* End PBXBuildFile section */

/* Begin PBXContainerItemProxy section */
		63A375971C3D0FBF00D8853C /* PBXContainerItemProxy */ = {
			isa = PBXContainerItemProxy;
			containerPortal = 63A375791C3D0FBE00D8853C /* Project object */;
			proxyType = 1;
			remoteGlobalIDString = 63A375801C3D0FBE00D8853C;
			remoteInfo = CITest;
		};
/* End PBXContainerItemProxy section */

/* Begin PBXFileReference section */
		63A375811C3D0FBF00D8853C /* CITest.app */ = {isa = PBXFileReference; explicitFileType = wrapper.application; includeInIndex = 0; path = CITest.app; sourceTree = BUILT_PRODUCTS_DIR; };
		63A375851C3D0FBF00D8853C /* Info.plist */ = {isa = PBXFileReference; lastKnownFileType = text.plist.xml; path = Info.plist; sourceTree = "<group>"; };
		63A375861C3D0FBF00D8853C /* AppDelegate.swift */ = {isa = PBXFileReference; lastKnownFileType = sourcecode.swift; path = AppDelegate.swift; sourceTree = "<group>"; };
		63A375881C3D0FBF00D8853C /* ViewController.swift */ = {isa = PBXFileReference; lastKnownFileType = sourcecode.swift; path = ViewController.swift; sourceTree = "<group>"; };
		63A3758B1C3D0FBF00D8853C /* Base */ = {isa = PBXFileReference; lastKnownFileType = file.storyboard; name = Base; path = Base.lproj/Main.storyboard; sourceTree = "<group>"; };
		63A3758D1C3D0FBF00D8853C /* Images.xcassets */ = {isa = PBXFileReference; lastKnownFileType = folder.assetcatalog; path = Images.xcassets; sourceTree = "<group>"; };
		63A375901C3D0FBF00D8853C /* Base */ = {isa = PBXFileReference; lastKnownFileType = file.xib; name = Base; path = Base.lproj/LaunchScreen.xib; sourceTree = "<group>"; };
		63A375961C3D0FBF00D8853C /* CITestTests.xctest */ = {isa = PBXFileReference; explicitFileType = wrapper.cfbundle; includeInIndex = 0; path = CITestTests.xctest; sourceTree = BUILT_PRODUCTS_DIR; };
		63A3759B1C3D0FBF00D8853C /* Info.plist */ = {isa = PBXFileReference; lastKnownFileType = text.plist.xml; path = Info.plist; sourceTree = "<group>"; };
		63A3759C1C3D0FBF00D8853C /* CITestTests.swift */ = {isa = PBXFileReference; lastKnownFileType = sourcecode.swift; path = CITestTests.swift; sourceTree = "<group>"; };
/* End PBXFileReference section */

/* Begin PBXFrameworksBuildPhase section */
		63A3757E1C3D0FBE00D8853C /* Frameworks */ = {
			isa = PBXFrameworksBuildPhase;
			buildActionMask = 2147483647;
			files = (
			);
			runOnlyForDeploymentPostprocessing = 0;
		};
		63A375931C3D0FBF00D8853C /* Frameworks */ = {
			isa = PBXFrameworksBuildPhase;
			buildActionMask = 2147483647;
			files = (
			);
			runOnlyForDeploymentPostprocessing = 0;
		};
/* End PBXFrameworksBuildPhase section */

/* Begin PBXGroup section */
		63A375781C3D0FBE00D8853C = {
			isa = PBXGroup;
			children = (
				63A375831C3D0FBF00D8853C /* CITest */,
				63A375991C3D0FBF00D8853C /* CITestTests */,
				63A375821C3D0FBF00D8853C /* Products */,
			);
			sourceTree = "<group>";
		};
		63A375821C3D0FBF00D8853C /* Products */ = {
			isa = PBXGroup;
			children = (
				63A375811C3D0FBF00D8853C /* CITest.app */,
				63A375961C3D0FBF00D8853C /* CITestTests.xctest */,
			);
			name = Products;
			sourceTree = "<group>";
		};
		63A375831C3D0FBF00D8853C /* CITest */ = {
			isa = PBXGroup;
			children = (
				63A375861C3D0FBF00D8853C /* AppDelegate.swift */,
				63A375881C3D0FBF00D8853C /* ViewController.swift */,
				63A3758A1C3D0FBF00D8853C /* Main.storyboard */,
				63A3758D1C3D0FBF00D8853C /* Images.xcassets */,
				63A3758F1C3D0FBF00D8853C /* LaunchScreen.xib */,
				63A375841C3D0FBF00D8853C /* Supporting Files */,
			);
			path = CITest;
			sourceTree = "<group>";
		};
		63A375841C3D0FBF00D8853C /* Supporting Files */ = {
			isa = PBXGroup;
			children = (
				63A375851C3D0FBF00D8853C /* Info.plist */,
			);
			name = "Supporting Files";
			sourceTree = "<group>";
		};
		63A375991C3D0FBF00D8853C /* CITestTests */ = {
			isa = PBXGroup;
			children = (
				63A3759C1C3D0FBF00D8853C /* CITestTests.swift */,
				63A3759A1C3D0FBF00D8853C /* Supporting Files */,
			);
			path = CITestTests;
			sourceTree = "<group>";
		};
		63A3759A1C3D0FBF00D8853C /* Supporting Files */ = {
			isa = PBXGroup;
			children = (
				63A3759B1C3D0FBF00D8853C /* Info.plist */,
			);
			name = "Supporting Files";
			sourceTree = "<group>";
		};
/* End PBXGroup section */

/* Begin PBXNativeTarget section */
		63A375801C3D0FBE00D8853C /* CITest */ = {
			isa = PBXNativeTarget;
			buildConfigurationList = 63A375A01C3D0FBF00D8853C /* Build configuration list for PBXNativeTarget "CITest" */;
			buildPhases = (
				63A3757D1C3D0FBE00D8853C /* Sources */,
				63A3757E1C3D0FBE00D8853C /* Frameworks */,
				63A3757F1C3D0FBE00D8853C /* Resources */,
			);
			buildRules = (
			);
			dependencies = (
			);
			name = CITest;
			productName = CITest;
			productReference = 63A375811C3D0FBF00D8853C /* CITest.app */;
			productType = "com.apple.product-type.application";
		};
		63A375951C3D0FBF00D8853C /* CITestTests */ = {
			isa = PBXNativeTarget;
			buildConfigurationList = 63A375A31C3D0FBF00D8853C /* Build configuration list for PBXNativeTarget "CITestTests" */;
			buildPhases = (
				63A375921C3D0FBF00D8853C /* Sources */,
				63A375931C3D0FBF00D8853C /* Frameworks */,
				63A375941C3D0FBF00D8853C /* Resources */,
			);
			buildRules = (
			);
			dependencies = (
				63A375981C3D0FBF00D8853C /* PBXTargetDependency */,
			);
			name = CITestTests;
			productName = CITestTests;
			productReference = 63A375961C3D0FBF00D8853C /* CITestTests.xctest */;
			productType = "com.apple.product-type.bundle.unit-test";
		};
/* End PBXNativeTarget section */

/* Begin PBXProject section */
		63A375791C3D0FBE00D8853C /* Project object */ = {
			isa = PBXProject;
			attributes = {
				LastUpgradeCheck = 0610;
				ORGANIZATIONNAME = "Przemyslaw Probola";
				TargetAttributes = {
					63A375801C3D0FBE00D8853C = {
						CreatedOnToolsVersion = 6.1;
					};
					63A375951C3D0FBF00D8853C = {
						CreatedOnToolsVersion = 6.1;
						TestTargetID = 63A375801C3D0FBE00D8853C;
					};
				};
			};
			buildConfigurationList = 63A3757C1C3D0FBE00D8853C /* Build configuration list for PBXProject "CITest" */;
			compatibilityVersion = "Xcode 3.2";
			developmentRegion = English;
			hasScannedForEncodings = 0;
			knownRegions = (
				en,
				Base,
			);
			mainGroup = 63A375781C3D0FBE00D8853C;
			productRefGroup = 63A375821C3D0FBF00D8853C /* Products */;
			projectDirPath = "";
			projectRoot = "";
			targets = (
				63A375801C3D0FBE00D8853C /* CITest */,
				63A375951C3D0FBF00D8853C /* CITestTests */,
			);
		};
/* End PBXProject section */

/* Begin PBXResourcesBuildPhase section */
		63A3757F1C3D0FBE00D8853C /* Resources */ = {
			isa = PBXResourcesBuildPhase;
			buildActionMask = 2147483647;
			files = (
				63A3758C1C3D0FBF00D8853C /* Main.storyboard in Resources */,
				63A375911C3D0FBF00D8853C /* LaunchScreen.xib in Resources */,
				63A3758E1C3D0FBF00D8853C /* Images.xcassets in Resources */,
			);
			runOnlyForDeploymentPostprocessing = 0;
		};
		63A375941C3D0FBF00D8853C /* Resources */ = {
			isa = PBXResourcesBuildPhase;
			buildActionMask = 2147483647;
			files = (
			);
			runOnlyForDeploymentPostprocessing = 0;
		};
/* End PBXResourcesBuildPhase section */

/* Begin PBXSourcesBuildPhase section */
		63A3757D1C3D0FBE00D8853C /* Sources */ = {
			isa = PBXSourcesBuildPhase;
			buildActionMask = 2147483647;
			files = (
				63A375891C3D0FBF00D8853C /* ViewController.swift in Sources */,
				63A375871C3D0FBF00D8853C /* AppDelegate.swift in Sources */,
			);
			runOnlyForDeploymentPostprocessing = 0;
		};
		63A375921C3D0FBF00D8853C /* Sources */ = {
			isa = PBXSourcesBuildPhase;
			buildActionMask = 2147483647;
			files = (
				63A3759D1C3D0FBF00D8853C /* CITestTests.swift in Sources */,
			);
			runOnlyForDeploymentPostprocessing = 0;
		};
/* End PBXSourcesBuildPhase section */

/* Begin PBXTargetDependency section */
		63A375981C3D0FBF00D8853C /* PBXTargetDependency */ = {
			isa = PBXTargetDependency;
			target = 63A375801C3D0FBE00D8853C /* CITest */;
			targetProxy = 63A375971C3D0FBF00D8853C /* PBXContainerItemProxy */;
		};
/* End PBXTargetDependency section */

/* Begin PBXVariantGroup section */
		63A3758A1C3D0FBF00D8853C /* Main.storyboard */ = {
			isa = PBXVariantGroup;
			children = (
				63A3758B1C3D0FBF00D8853C /* Base */,
			);
			name = Main.storyboard;
			sourceTree = "<group>";
		};
		63A3758F1C3D0FBF00D8853C /* LaunchScreen.xib */ = {
			isa = PBXVariantGroup;
			children = (
				63A375901C3D0FBF00D8853C /* Base */,
			);
			name = LaunchScreen.xib;
			sourceTree = "<group>";
		};
/* End PBXVariantGroup section */

/* Begin XCBuildConfiguration section */
		63A3759E1C3D0FBF00D8853C /* Debug */ = {
			isa = XCBuildConfiguration;
			buildSettings = {
				ALWAYS_SEARCH_USER_PATHS = NO;
				CLANG_CXX_LANGUAGE_STANDARD = "gnu++0x";
				CLANG_CXX_LIBRARY = "libc++";
				CLANG_ENABLE_MODULES = YES;
				CLANG_ENABLE_OBJC_ARC = YES;
				CLANG_WARN_BOOL_CONVERSION = YES;
				CLANG_WARN_CONSTANT_CONVERSION = YES;
				CLANG_WARN_DIRECT_OBJC_ISA_USAGE = YES_ERROR;
				CLANG_WARN_EMPTY_BODY = YES;
				CLANG_WARN_ENUM_CONVERSION = YES;
				CLANG_WARN_INT_CONVERSION = YES;
				CLANG_WARN_OBJC_ROOT_CLASS = YES_ERROR;
				CLANG_WARN_UNREACHABLE_CODE = YES;
				CLANG_WARN__DUPLICATE_METHOD_MATCH = YES;
				"CODE_SIGN_IDENTITY[sdk=iphoneos*]" = "iPhone Developer";
				COPY_PHASE_STRIP = NO;
				ENABLE_STRICT_OBJC_MSGSEND = YES;
				GCC_C_LANGUAGE_STANDARD = gnu99;
				GCC_DYNAMIC_NO_PIC = NO;
				GCC_OPTIMIZATION_LEVEL = 0;
				GCC_PREPROCESSOR_DEFINITIONS = (
					"DEBUG=1",
					"$(inherited)",
				);
				GCC_SYMBOLS_PRIVATE_EXTERN = NO;
				GCC_WARN_64_TO_32_BIT_CONVERSION = YES;
				GCC_WARN_ABOUT_RETURN_TYPE = YES_ERROR;
				GCC_WARN_UNDECLARED_SELECTOR = YES;
				GCC_WARN_UNINITIALIZED_AUTOS = YES_AGGRESSIVE;
				GCC_WARN_UNUSED_FUNCTION = YES;
				GCC_WARN_UNUSED_VARIABLE = YES;
				IPHONEOS_DEPLOYMENT_TARGET = 8.1;
				MTL_ENABLE_DEBUG_INFO = YES;
				ONLY_ACTIVE_ARCH = YES;
				SDKROOT = iphoneos;
				SWIFT_OPTIMIZATION_LEVEL = "-Onone";
			};
			name = Debug;
		};
		63A3759F1C3D0FBF00D8853C /* Release */ = {
			isa = XCBuildConfiguration;
			buildSettings = {
				ALWAYS_SEARCH_USER_PATHS = NO;
				CLANG_CXX_LANGUAGE_STANDARD = "gnu++0x";
				CLANG_CXX_LIBRARY = "libc++";
				CLANG_ENABLE_MODULES = YES;
				CLANG_ENABLE_OBJC_ARC = YES;
				CLANG_WARN_BOOL_CONVERSION = YES;
				CLANG_WARN_CONSTANT_CONVERSION = YES;
				CLANG_WARN_DIRECT_OBJC_ISA_USAGE = YES_ERROR;
				CLANG_WARN_EMPTY_BODY = YES;
				CLANG_WARN_ENUM_CONVERSION = YES;
				CLANG_WARN_INT_CONVERSION = YES;
				CLANG_WARN_OBJC_ROOT_CLASS = YES_ERROR;
				CLANG_WARN_UNREACHABLE_CODE = YES;
				CLANG_WARN__DUPLICATE_METHOD_MATCH = YES;
				"CODE_SIGN_IDENTITY[sdk=iphoneos*]" = "iPhone Developer";
				COPY_PHASE_STRIP = YES;
				ENABLE_NS_ASSERTIONS = NO;
				ENABLE_STRICT_OBJC_MSGSEND = YES;
				GCC_C_LANGUAGE_STANDARD = gnu99;
				GCC_WARN_64_TO_32_BIT_CONVERSION = YES;
				GCC_WARN_ABOUT_RETURN_TYPE = YES_ERROR;
				GCC_WARN_UNDECLARED_SELECTOR = YES;
				GCC_WARN_UNINITIALIZED_AUTOS = YES_AGGRESSIVE;
				GCC_WARN_UNUSED_FUNCTION = YES;
				GCC_WARN_UNUSED_VARIABLE = YES;
				IPHONEOS_DEPLOYMENT_TARGET = 8.1;
				MTL_ENABLE_DEBUG_INFO = NO;
				SDKROOT = iphoneos;
				VALIDATE_PRODUCT = YES;
			};
			name = Release;
		};
		63A375A11C3D0FBF00D8853C /* Debug */ = {
			isa = XCBuildConfiguration;
			buildSettings = {
				ASSETCATALOG_COMPILER_APPICON_NAME = AppIcon;
				"CODE_SIGN_IDENTITY[sdk=iphoneos*]" = "";
				INFOPLIST_FILE = CITest/Info.plist;
				LD_RUNPATH_SEARCH_PATHS = "$(inherited) @executable_path/Frameworks";
				PRODUCT_NAME = "$(TARGET_NAME)";
				PROVISIONING_PROFILE = "45e0034f-4840-4833-a205-b854a0d76b9d";
			};
			name = Debug;
		};
		63A375A21C3D0FBF00D8853C /* Release */ = {
			isa = XCBuildConfiguration;
			buildSettings = {
				ASSETCATALOG_COMPILER_APPICON_NAME = AppIcon;
				"CODE_SIGN_IDENTITY[sdk=iphoneos*]" = "";
				INFOPLIST_FILE = CITest/Info.plist;
				LD_RUNPATH_SEARCH_PATHS = "$(inherited) @executable_path/Frameworks";
				PRODUCT_NAME = "$(TARGET_NAME)";
				PROVISIONING_PROFILE = "da99eb54-ba0b-4f1d-9a69-40e749f7a29c";
			};
			name = Release;
		};
		63A375A41C3D0FBF00D8853C /* Debug */ = {
			isa = XCBuildConfiguration;
			buildSettings = {
				BUNDLE_LOADER = "$(TEST_HOST)";
				FRAMEWORK_SEARCH_PATHS = (
					"$(SDKROOT)/Developer/Library/Frameworks",
					"$(inherited)",
				);
				GCC_PREPROCESSOR_DEFINITIONS = (
					"DEBUG=1",
					"$(inherited)",
				);
				INFOPLIST_FILE = CITestTests/Info.plist;
				LD_RUNPATH_SEARCH_PATHS = "$(inherited) @executable_path/Frameworks @loader_path/Frameworks";
				PRODUCT_NAME = "$(TARGET_NAME)";
				TEST_HOST = "$(BUILT_PRODUCTS_DIR)/CITest.app/CITest";
			};
			name = Debug;
		};
		63A375A51C3D0FBF00D8853C /* Release */ = {
			isa = XCBuildConfiguration;
			buildSettings = {
				BUNDLE_LOADER = "$(TEST_HOST)";
				FRAMEWORK_SEARCH_PATHS = (
					"$(SDKROOT)/Developer/Library/Frameworks",
					"$(inherited)",
				);
				INFOPLIST_FILE = CITestTests/Info.plist;
				LD_RUNPATH_SEARCH_PATHS = "$(inherited) @executable_path/Frameworks @loader_path/Frameworks";
				PRODUCT_NAME = "$(TARGET_NAME)";
				TEST_HOST = "$(BUILT_PRODUCTS_DIR)/CITest.app/CITest";
			};
			name = Release;
		};
/* End XCBuildConfiguration section */

/* Begin XCConfigurationList section */
		63A3757C1C3D0FBE00D8853C /* Build configuration list for PBXProject "CITest" */ = {
			isa = XCConfigurationList;
			buildConfigurations = (
				63A3759E1C3D0FBF00D8853C /* Debug */,
				63A3759F1C3D0FBF00D8853C /* Release */,
			);
			defaultConfigurationIsVisible = 0;
			defaultConfigurationName = Release;
		};
		63A375A01C3D0FBF00D8853C /* Build configuration list for PBXNativeTarget "CITest" */ = {
			isa = XCConfigurationList;
			buildConfigurations = (
				63A375A11C3D0FBF00D8853C /* Debug */,
				63A375A21C3D0FBF00D8853C /* Release */,
			);
			defaultConfigurationIsVisible = 0;
			defaultConfigurationName = Release;
		};
		63A375A31C3D0FBF00D8853C /* Build configuration list for PBXNativeTarget "CITestTests" */ = {
			isa = XCConfigurationList;
			buildConfigurations = (
				63A375A41C3D0FBF00D8853C /* Debug */,
				63A375A51C3D0FBF00D8853C /* Release */,
			);
			defaultConfigurationIsVisible = 0;
			defaultConfigurationName = Release;
		};
/* End XCConfigurationList section */
	};
	rootObject = 63A375791C3D0FBE00D8853C /* Project object */;
}
